
Microsoft Visual Studio Solution File, Format Version 12.00
# Visual Studio Version 16
VisualStudioVersion = 16.0.30717.126
MinimumVisualStudioVersion = 10.0.40219.1
Project("{9A19103F-16F7-4668-BE54-9A1E7A4F7556}") = "CG.Sequences", "CG.Sequences\CG.Sequences.csproj", "{4CBE42FA-0862-4CDE-AEC7-C4D5A163E4FC}"
EndProject
Project("{9A19103F-16F7-4668-BE54-9A1E7A4F7556}") = "CG.Sequences.Tests", "..\tests\CG.Sequences.Tests\CG.Sequences.Tests.csproj", "{CD0772F9-41C1-404B-89A0-3C7CF20A7E74}"
EndProject
Global
	GlobalSection(SolutionConfigurationPlatforms) = preSolution
		Debug|Any CPU = Debug|Any CPU
		Release|Any CPU = Release|Any CPU
	EndGlobalSection
	GlobalSection(ProjectConfigurationPlatforms) = postSolution
		{4CBE42FA-0862-4CDE-AEC7-C4D5A163E4FC}.Debug|Any CPU.ActiveCfg = Debug|Any CPU
		{4CBE42FA-0862-4CDE-AEC7-C4D5A163E4FC}.Debug|Any CPU.Build.0 = Debug|Any CPU
		{4CBE42FA-0862-4CDE-AEC7-C4D5A163E4FC}.Release|Any CPU.ActiveCfg = Release|Any CPU
		{4CBE42FA-0862-4CDE-AEC7-C4D5A163E4FC}.Release|Any CPU.Build.0 = Release|Any CPU
		{CD0772F9-41C1-404B-89A0-3C7CF20A7E74}.Debug|Any CPU.ActiveCfg = Debug|Any CPU
		{CD0772F9-41C1-404B-89A0-3C7CF20A7E74}.Debug|Any CPU.Build.0 = Debug|Any CPU
		{CD0772F9-41C1-404B-89A0-3C7CF20A7E74}.Release|Any CPU.ActiveCfg = Release|Any CPU
		{CD0772F9-41C1-404B-89A0-3C7CF20A7E74}.Release|Any CPU.Build.0 = Release|Any CPU
	EndGlobalSection
	GlobalSection(SolutionProperties) = preSolution
		HideSolutionNode = FALSE
	EndGlobalSection
	GlobalSection(ExtensibilityGlobals) = postSolution
		SolutionGuid = {96EE7964-833E-4A66-A6F6-88EDC482CCD1}
	EndGlobalSection
EndGlobal
